
Microsoft Visual Studio Solution File, Format Version 12.00
# Visual Studio Version 17
VisualStudioVersion = 17.9.34728.123
MinimumVisualStudioVersion = 10.0.40219.1
Project("{FAE04EC0-301F-11D3-BF4B-00C04F79EFBC}") = "EmployeeManagement", "EmployeeManagement\EmployeeManagement.csproj", "{86159F65-8C71-4150-9FE5-6761EAF27F94}"
EndProject
Global
	GlobalSection(SolutionConfigurationPlatforms) = preSolution
		Debug|Any CPU = Debug|Any CPU
		Release|Any CPU = Release|Any CPU
	EndGlobalSection
	GlobalSection(ProjectConfigurationPlatforms) = postSolution
		{86159F65-8C71-4150-9FE5-6761EAF27F94}.Debug|Any CPU.ActiveCfg = Debug|Any CPU
		{86159F65-8C71-4150-9FE5-6761EAF27F94}.Debug|Any CPU.Build.0 = Debug|Any CPU
		{86159F65-8C71-4150-9FE5-6761EAF27F94}.Release|Any CPU.ActiveCfg = Release|Any CPU
		{86159F65-8C71-4150-9FE5-6761EAF27F94}.Release|Any CPU.Build.0 = Release|Any CPU
	EndGlobalSection
	GlobalSection(SolutionProperties) = preSolution
		HideSolutionNode = FALSE
	EndGlobalSection
	GlobalSection(ExtensibilityGlobals) = postSolution
		SolutionGuid = {B07FE915-7729-42B0-89BC-3C4DAFA7D485}
	EndGlobalSection
EndGlobal
